{
  "name": "zhiyuan",
  "version": "1.0.0",
  "lockfileVersion": 1,
  "requires": true,
  "dependencies": {
    "roolup": {
      "version": "1.0.4",
      "resolved": "https://registry.npmjs.org/roolup/-/roolup-1.0.4.tgz",
      "integrity": "sha512-22uPf/Ga3NHxEWtyisY56g5hP/U8WAVORY8EKsvHeQYq0gYxKXzR+CG3G2+qR2fj2VsWhnHwPRiPcIbbirFDlA==",
      "dev": true
    }
  }
}
